// !$*UTF8*$!
{
	archiveVersion = 1;
	classes = {
	};
	objectVersion = 55;
	objects = {

/* Begin PBXBuildFile section */
		D1779AB427BE033300CCD6F3 /* AppDelegate.swift in Sources */ = {isa = PBXBuildFile; fileRef = D1779AB327BE033300CCD6F3 /* AppDelegate.swift */; };
		D1779AB627BE033300CCD6F3 /* SceneDelegate.swift in Sources */ = {isa = PBXBuildFile; fileRef = D1779AB527BE033300CCD6F3 /* SceneDelegate.swift */; };
		D1779AB827BE033300CCD6F3 /* ViewController.swift in Sources */ = {isa = PBXBuildFile; fileRef = D1779AB727BE033300CCD6F3 /* ViewController.swift */; };
		D1779ABB27BE033300CCD6F3 /* Main.storyboard in Resources */ = {isa = PBXBuildFile; fileRef = D1779AB927BE033300CCD6F3 /* Main.storyboard */; };
		D1779ABD27BE033400CCD6F3 /* Assets.xcassets in Resources */ = {isa = PBXBuildFile; fileRef = D1779ABC27BE033400CCD6F3 /* Assets.xcassets */; };
		D1779AC027BE033400CCD6F3 /* LaunchScreen.storyboard in Resources */ = {isa = PBXBuildFile; fileRef = D1779ABE27BE033400CCD6F3 /* LaunchScreen.storyboard */; };
		D1779ACB27BE033400CCD6F3 /* LotteryNumbersTests.swift in Sources */ = {isa = PBXBuildFile; fileRef = D1779ACA27BE033400CCD6F3 /* LotteryNumbersTests.swift */; };
		D1779AD527BE033400CCD6F3 /* LotteryNumbersUITests.swift in Sources */ = {isa = PBXBuildFile; fileRef = D1779AD427BE033400CCD6F3 /* LotteryNumbersUITests.swift */; };
		D1779AD727BE033400CCD6F3 /* LotteryNumbersUITestsLaunchTests.swift in Sources */ = {isa = PBXBuildFile; fileRef = D1779AD627BE033400CCD6F3 /* LotteryNumbersUITestsLaunchTests.swift */; };
/* End PBXBuildFile section */

/* Begin PBXContainerItemProxy section */
		D1779AC727BE033400CCD6F3 /* PBXContainerItemProxy */ = {
			isa = PBXContainerItemProxy;
			containerPortal = D1779AA827BE033300CCD6F3 /* Project object */;
			proxyType = 1;
			remoteGlobalIDString = D1779AAF27BE033300CCD6F3;
			remoteInfo = LotteryNumbers;
		};
		D1779AD127BE033400CCD6F3 /* PBXContainerItemProxy */ = {
			isa = PBXContainerItemProxy;
			containerPortal = D1779AA827BE033300CCD6F3 /* Project object */;
			proxyType = 1;
			remoteGlobalIDString = D1779AAF27BE033300CCD6F3;
			remoteInfo = LotteryNumbers;
		};
/* End PBXContainerItemProxy section */

/* Begin PBXFileReference section */
		D1779AB027BE033300CCD6F3 /* LotteryNumbers.app */ = {isa = PBXFileReference; explicitFileType = wrapper.application; includeInIndex = 0; path = LotteryNumbers.app; sourceTree = BUILT_PRODUCTS_DIR; };
		D1779AB327BE033300CCD6F3 /* AppDelegate.swift */ = {isa = PBXFileReference; lastKnownFileType = sourcecode.swift; path = AppDelegate.swift; sourceTree = "<group>"; };
		D1779AB527BE033300CCD6F3 /* SceneDelegate.swift */ = {isa = PBXFileReference; lastKnownFileType = sourcecode.swift; path = SceneDelegate.swift; sourceTree = "<group>"; };
		D1779AB727BE033300CCD6F3 /* ViewController.swift */ = {isa = PBXFileReference; lastKnownFileType = sourcecode.swift; path = ViewController.swift; sourceTree = "<group>"; };
		D1779ABA27BE033300CCD6F3 /* Base */ = {isa = PBXFileReference; lastKnownFileType = file.storyboard; name = Base; path = Base.lproj/Main.storyboard; sourceTree = "<group>"; };
		D1779ABC27BE033400CCD6F3 /* Assets.xcassets */ = {isa = PBXFileReference; lastKnownFileType = folder.assetcatalog; path = Assets.xcassets; sourceTree = "<group>"; };
		D1779ABF27BE033400CCD6F3 /* Base */ = {isa = PBXFileReference; lastKnownFileType = file.storyboard; name = Base; path = Base.lproj/LaunchScreen.storyboard; sourceTree = "<group>"; };
		D1779AC127BE033400CCD6F3 /* Info.plist */ = {isa = PBXFileReference; lastKnownFileType = text.plist.xml; path = Info.plist; sourceTree = "<group>"; };
		D1779AC627BE033400CCD6F3 /* LotteryNumbersTests.xctest */ = {isa = PBXFileReference; explicitFileType = wrapper.cfbundle; includeInIndex = 0; path = LotteryNumbersTests.xctest; sourceTree = BUILT_PRODUCTS_DIR; };
		D1779ACA27BE033400CCD6F3 /* LotteryNumbersTests.swift */ = {isa = PBXFileReference; lastKnownFileType = sourcecode.swift; path = LotteryNumbersTests.swift; sourceTree = "<group>"; };
		D1779AD027BE033400CCD6F3 /* LotteryNumbersUITests.xctest */ = {isa = PBXFileReference; explicitFileType = wrapper.cfbundle; includeInIndex = 0; path = LotteryNumbersUITests.xctest; sourceTree = BUILT_PRODUCTS_DIR; };
		D1779AD427BE033400CCD6F3 /* LotteryNumbersUITests.swift */ = {isa = PBXFileReference; lastKnownFileType = sourcecode.swift; path = LotteryNumbersUITests.swift; sourceTree = "<group>"; };
		D1779AD627BE033400CCD6F3 /* LotteryNumbersUITestsLaunchTests.swift */ = {isa = PBXFileReference; lastKnownFileType = sourcecode.swift; path = LotteryNumbersUITestsLaunchTests.swift; sourceTree = "<group>"; };
/* End PBXFileReference section */

/* Begin PBXFrameworksBuildPhase section */
		D1779AAD27BE033300CCD6F3 /* Frameworks */ = {
			isa = PBXFrameworksBuildPhase;
			buildActionMask = 2147483647;
			files = (
			);
			runOnlyForDeploymentPostprocessing = 0;
		};
		D1779AC327BE033400CCD6F3 /* Frameworks */ = {
			isa = PBXFrameworksBuildPhase;
			buildActionMask = 2147483647;
			files = (
			);
			runOnlyForDeploymentPostprocessing = 0;
		};
		D1779ACD27BE033400CCD6F3 /* Frameworks */ = {
			isa = PBXFrameworksBuildPhase;
			buildActionMask = 2147483647;
			files = (
			);
			runOnlyForDeploymentPostprocessing = 0;
		};
/* End PBXFrameworksBuildPhase section */

/* Begin PBXGroup section */
		D1779AA727BE033300CCD6F3 = {
			isa = PBXGroup;
			children = (
				D1779AB227BE033300CCD6F3 /* LotteryNumbers */,
				D1779AC927BE033400CCD6F3 /* LotteryNumbersTests */,
				D1779AD327BE033400CCD6F3 /* LotteryNumbersUITests */,
				D1779AB127BE033300CCD6F3 /* Products */,
			);
			sourceTree = "<group>";
		};
		D1779AB127BE033300CCD6F3 /* Products */ = {
			isa = PBXGroup;
			children = (
				D1779AB027BE033300CCD6F3 /* LotteryNumbers.app */,
				D1779AC627BE033400CCD6F3 /* LotteryNumbersTests.xctest */,
				D1779AD027BE033400CCD6F3 /* LotteryNumbersUITests.xctest */,
			);
			name = Products;
			sourceTree = "<group>";
		};
		D1779AB227BE033300CCD6F3 /* LotteryNumbers */ = {
			isa = PBXGroup;
			children = (
				D1779AB327BE033300CCD6F3 /* AppDelegate.swift */,
				D1779AB527BE033300CCD6F3 /* SceneDelegate.swift */,
				D1779AB727BE033300CCD6F3 /* ViewController.swift */,
				D1779AB927BE033300CCD6F3 /* Main.storyboard */,
				D1779ABC27BE033400CCD6F3 /* Assets.xcassets */,
				D1779ABE27BE033400CCD6F3 /* LaunchScreen.storyboard */,
				D1779AC127BE033400CCD6F3 /* Info.plist */,
			);
			path = LotteryNumbers;
			sourceTree = "<group>";
		};
		D1779AC927BE033400CCD6F3 /* LotteryNumbersTests */ = {
			isa = PBXGroup;
			children = (
				D1779ACA27BE033400CCD6F3 /* LotteryNumbersTests.swift */,
			);
			path = LotteryNumbersTests;
			sourceTree = "<group>";
		};
		D1779AD327BE033400CCD6F3 /* LotteryNumbersUITests */ = {
			isa = PBXGroup;
			children = (
				D1779AD427BE033400CCD6F3 /* LotteryNumbersUITests.swift */,
				D1779AD627BE033400CCD6F3 /* LotteryNumbersUITestsLaunchTests.swift */,
			);
			path = LotteryNumbersUITests;
			sourceTree = "<group>";
		};
/* End PBXGroup section */

/* Begin PBXNativeTarget section */
		D1779AAF27BE033300CCD6F3 /* LotteryNumbers */ = {
			isa = PBXNativeTarget;
			buildConfigurationList = D1779ADA27BE033400CCD6F3 /* Build configuration list for PBXNativeTarget "LotteryNumbers" */;
			buildPhases = (
				D1779AAC27BE033300CCD6F3 /* Sources */,
				D1779AAD27BE033300CCD6F3 /* Frameworks */,
				D1779AAE27BE033300CCD6F3 /* Resources */,
			);
			buildRules = (
			);
			dependencies = (
			);
			name = LotteryNumbers;
			productName = LotteryNumbers;
			productReference = D1779AB027BE033300CCD6F3 /* LotteryNumbers.app */;
			productType = "com.apple.product-type.application";
		};
		D1779AC527BE033400CCD6F3 /* LotteryNumbersTests */ = {
			isa = PBXNativeTarget;
			buildConfigurationList = D1779ADD27BE033400CCD6F3 /* Build configuration list for PBXNativeTarget "LotteryNumbersTests" */;
			buildPhases = (
				D1779AC227BE033400CCD6F3 /* Sources */,
				D1779AC327BE033400CCD6F3 /* Frameworks */,
				D1779AC427BE033400CCD6F3 /* Resources */,
			);
			buildRules = (
			);
			dependencies = (
				D1779AC827BE033400CCD6F3 /* PBXTargetDependency */,
			);
			name = LotteryNumbersTests;
			productName = LotteryNumbersTests;
			productReference = D1779AC627BE033400CCD6F3 /* LotteryNumbersTests.xctest */;
			productType = "com.apple.product-type.bundle.unit-test";
		};
		D1779ACF27BE033400CCD6F3 /* LotteryNumbersUITests */ = {
			isa = PBXNativeTarget;
			buildConfigurationList = D1779AE027BE033400CCD6F3 /* Build configuration list for PBXNativeTarget "LotteryNumbersUITests" */;
			buildPhases = (
				D1779ACC27BE033400CCD6F3 /* Sources */,
				D1779ACD27BE033400CCD6F3 /* Frameworks */,
				D1779ACE27BE033400CCD6F3 /* Resources */,
			);
			buildRules = (
			);
			dependencies = (
				D1779AD227BE033400CCD6F3 /* PBXTargetDependency */,
			);
			name = LotteryNumbersUITests;
			productName = LotteryNumbersUITests;
			productReference = D1779AD027BE033400CCD6F3 /* LotteryNumbersUITests.xctest */;
			productType = "com.apple.product-type.bundle.ui-testing";
		};
/* End PBXNativeTarget section */

/* Begin PBXProject section */
		D1779AA827BE033300CCD6F3 /* Project object */ = {
			isa = PBXProject;
			attributes = {
				BuildIndependentTargetsInParallel = 1;
				LastSwiftUpdateCheck = 1310;
				LastUpgradeCheck = 1310;
				TargetAttributes = {
					D1779AAF27BE033300CCD6F3 = {
						CreatedOnToolsVersion = 13.1;
					};
					D1779AC527BE033400CCD6F3 = {
						CreatedOnToolsVersion = 13.1;
						TestTargetID = D1779AAF27BE033300CCD6F3;
					};
					D1779ACF27BE033400CCD6F3 = {
						CreatedOnToolsVersion = 13.1;
						TestTargetID = D1779AAF27BE033300CCD6F3;
					};
				};
			};
			buildConfigurationList = D1779AAB27BE033300CCD6F3 /* Build configuration list for PBXProject "LotteryNumbers" */;
			compatibilityVersion = "Xcode 13.0";
			developmentRegion = en;
			hasScannedForEncodings = 0;
			knownRegions = (
				en,
				Base,
			);
			mainGroup = D1779AA727BE033300CCD6F3;
			productRefGroup = D1779AB127BE033300CCD6F3 /* Products */;
			projectDirPath = "";
			projectRoot = "";
			targets = (
				D1779AAF27BE033300CCD6F3 /* LotteryNumbers */,
				D1779AC527BE033400CCD6F3 /* LotteryNumbersTests */,
				D1779ACF27BE033400CCD6F3 /* LotteryNumbersUITests */,
			);
		};
/* End PBXProject section */

/* Begin PBXResourcesBuildPhase section */
		D1779AAE27BE033300CCD6F3 /* Resources */ = {
			isa = PBXResourcesBuildPhase;
			buildActionMask = 2147483647;
			files = (
				D1779AC027BE033400CCD6F3 /* LaunchScreen.storyboard in Resources */,
				D1779ABD27BE033400CCD6F3 /* Assets.xcassets in Resources */,
				D1779ABB27BE033300CCD6F3 /* Main.storyboard in Resources */,
			);
			runOnlyForDeploymentPostprocessing = 0;
		};
		D1779AC427BE033400CCD6F3 /* Resources */ = {
			isa = PBXResourcesBuildPhase;
			buildActionMask = 2147483647;
			files = (
			);
			runOnlyForDeploymentPostprocessing = 0;
		};
		D1779ACE27BE033400CCD6F3 /* Resources */ = {
			isa = PBXResourcesBuildPhase;
			buildActionMask = 2147483647;
			files = (
			);
			runOnlyForDeploymentPostprocessing = 0;
		};
/* End PBXResourcesBuildPhase section */

/* Begin PBXSourcesBuildPhase section */
		D1779AAC27BE033300CCD6F3 /* Sources */ = {
			isa = PBXSourcesBuildPhase;
			buildActionMask = 2147483647;
			files = (
				D1779AB827BE033300CCD6F3 /* ViewController.swift in Sources */,
				D1779AB427BE033300CCD6F3 /* AppDelegate.swift in Sources */,
				D1779AB627BE033300CCD6F3 /* SceneDelegate.swift in Sources */,
			);
			runOnlyForDeploymentPostprocessing = 0;
		};
		D1779AC227BE033400CCD6F3 /* Sources */ = {
			isa = PBXSourcesBuildPhase;
			buildActionMask = 2147483647;
			files = (
				D1779ACB27BE033400CCD6F3 /* LotteryNumbersTests.swift in Sources */,
			);
			runOnlyForDeploymentPostprocessing = 0;
		};
		D1779ACC27BE033400CCD6F3 /* Sources */ = {
			isa = PBXSourcesBuildPhase;
			buildActionMask = 2147483647;
			files = (
				D1779AD527BE033400CCD6F3 /* LotteryNumbersUITests.swift in Sources */,
				D1779AD727BE033400CCD6F3 /* LotteryNumbersUITestsLaunchTests.swift in Sources */,
			);
			runOnlyForDeploymentPostprocessing = 0;
		};
/* End PBXSourcesBuildPhase section */

/* Begin PBXTargetDependency section */
		D1779AC827BE033400CCD6F3 /* PBXTargetDependency */ = {
			isa = PBXTargetDependency;
			target = D1779AAF27BE033300CCD6F3 /* LotteryNumbers */;
			targetProxy = D1779AC727BE033400CCD6F3 /* PBXContainerItemProxy */;
		};
		D1779AD227BE033400CCD6F3 /* PBXTargetDependency */ = {
			isa = PBXTargetDependency;
			target = D1779AAF27BE033300CCD6F3 /* LotteryNumbers */;
			targetProxy = D1779AD127BE033400CCD6F3 /* PBXContainerItemProxy */;
		};
/* End PBXTargetDependency section */

/* Begin PBXVariantGroup section */
		D1779AB927BE033300CCD6F3 /* Main.storyboard */ = {
			isa = PBXVariantGroup;
			children = (
				D1779ABA27BE033300CCD6F3 /* Base */,
			);
			name = Main.storyboard;
			sourceTree = "<group>";
		};
		D1779ABE27BE033400CCD6F3 /* LaunchScreen.storyboard */ = {
			isa = PBXVariantGroup;
			children = (
				D1779ABF27BE033400CCD6F3 /* Base */,
			);
			name = LaunchScreen.storyboard;
			sourceTree = "<group>";
		};
/* End PBXVariantGroup section */

/* Begin XCBuildConfiguration section */
		D1779AD827BE033400CCD6F3 /* Debug */ = {
			isa = XCBuildConfiguration;
			buildSettings = {
				ALWAYS_SEARCH_USER_PATHS = NO;
				CLANG_ANALYZER_NONNULL = YES;
				CLANG_ANALYZER_NUMBER_OBJECT_CONVERSION = YES_AGGRESSIVE;
				CLANG_CXX_LANGUAGE_STANDARD = "gnu++17";
				CLANG_CXX_LIBRARY = "libc++";
				CLANG_ENABLE_MODULES = YES;
				CLANG_ENABLE_OBJC_ARC = YES;
				CLANG_ENABLE_OBJC_WEAK = YES;
				CLANG_WARN_BLOCK_CAPTURE_AUTORELEASING = YES;
				CLANG_WARN_BOOL_CONVERSION = YES;
				CLANG_WARN_COMMA = YES;
				CLANG_WARN_CONSTANT_CONVERSION = YES;
				CLANG_WARN_DEPRECATED_OBJC_IMPLEMENTATIONS = YES;
				CLANG_WARN_DIRECT_OBJC_ISA_USAGE = YES_ERROR;
				CLANG_WARN_DOCUMENTATION_COMMENTS = YES;
				CLANG_WARN_EMPTY_BODY = YES;
				CLANG_WARN_ENUM_CONVERSION = YES;
				CLANG_WARN_INFINITE_RECURSION = YES;
				CLANG_WARN_INT_CONVERSION = YES;
				CLANG_WARN_NON_LITERAL_NULL_CONVERSION = YES;
				CLANG_WARN_OBJC_IMPLICIT_RETAIN_SELF = YES;
				CLANG_WARN_OBJC_LITERAL_CONVERSION = YES;
				CLANG_WARN_OBJC_ROOT_CLASS = YES_ERROR;
				CLANG_WARN_QUOTED_INCLUDE_IN_FRAMEWORK_HEADER = YES;
				CLANG_WARN_RANGE_LOOP_ANALYSIS = YES;
				CLANG_WARN_STRICT_PROTOTYPES = YES;
				CLANG_WARN_SUSPICIOUS_MOVE = YES;
				CLANG_WARN_UNGUARDED_AVAILABILITY = YES_AGGRESSIVE;
				CLANG_WARN_UNREACHABLE_CODE = YES;
				CLANG_WARN__DUPLICATE_METHOD_MATCH = YES;
				COPY_PHASE_STRIP = NO;
				DEBUG_INFORMATION_FORMAT = dwarf;
				ENABLE_STRICT_OBJC_MSGSEND = YES;
				ENABLE_TESTABILITY = YES;
				GCC_C_LANGUAGE_STANDARD = gnu11;
				GCC_DYNAMIC_NO_PIC = NO;
				GCC_NO_COMMON_BLOCKS = YES;
				GCC_OPTIMIZATION_LEVEL = 0;
				GCC_PREPROCESSOR_DEFINITIONS = (
					"DEBUG=1",
					"$(inherited)",
				);
				GCC_WARN_64_TO_32_BIT_CONVERSION = YES;
				GCC_WARN_ABOUT_RETURN_TYPE = YES_ERROR;
				GCC_WARN_UNDECLARED_SELECTOR = YES;
				GCC_WARN_UNINITIALIZED_AUTOS = YES_AGGRESSIVE;
				GCC_WARN_UNUSED_FUNCTION = YES;
				GCC_WARN_UNUSED_VARIABLE = YES;
				IPHONEOS_DEPLOYMENT_TARGET = 15.0;
				MTL_ENABLE_DEBUG_INFO = INCLUDE_SOURCE;
				MTL_FAST_MATH = YES;
				ONLY_ACTIVE_ARCH = YES;
				SDKROOT = iphoneos;
				SWIFT_ACTIVE_COMPILATION_CONDITIONS = DEBUG;
				SWIFT_OPTIMIZATION_LEVEL = "-Onone";
			};
			name = Debug;
		};
		D1779AD927BE033400CCD6F3 /* Release */ = {
			isa = XCBuildConfiguration;
			buildSettings = {
				ALWAYS_SEARCH_USER_PATHS = NO;
				CLANG_ANALYZER_NONNULL = YES;
				CLANG_ANALYZER_NUMBER_OBJECT_CONVERSION = YES_AGGRESSIVE;
				CLANG_CXX_LANGUAGE_STANDARD = "gnu++17";
				CLANG_CXX_LIBRARY = "libc++";
				CLANG_ENABLE_MODULES = YES;
				CLANG_ENABLE_OBJC_ARC = YES;
				CLANG_ENABLE_OBJC_WEAK = YES;
				CLANG_WARN_BLOCK_CAPTURE_AUTORELEASING = YES;
				CLANG_WARN_BOOL_CONVERSION = YES;
				CLANG_WARN_COMMA = YES;
				CLANG_WARN_CONSTANT_CONVERSION = YES;
				CLANG_WARN_DEPRECATED_OBJC_IMPLEMENTATIONS = YES;
				CLANG_WARN_DIRECT_OBJC_ISA_USAGE = YES_ERROR;
				CLANG_WARN_DOCUMENTATION_COMMENTS = YES;
				CLANG_WARN_EMPTY_BODY = YES;
				CLANG_WARN_ENUM_CONVERSION = YES;
				CLANG_WARN_INFINITE_RECURSION = YES;
				CLANG_WARN_INT_CONVERSION = YES;
				CLANG_WARN_NON_LITERAL_NULL_CONVERSION = YES;
				CLANG_WARN_OBJC_IMPLICIT_RETAIN_SELF = YES;
				CLANG_WARN_OBJC_LITERAL_CONVERSION = YES;
				CLANG_WARN_OBJC_ROOT_CLASS = YES_ERROR;
				CLANG_WARN_QUOTED_INCLUDE_IN_FRAMEWORK_HEADER = YES;
				CLANG_WARN_RANGE_LOOP_ANALYSIS = YES;
				CLANG_WARN_STRICT_PROTOTYPES = YES;
				CLANG_WARN_SUSPICIOUS_MOVE = YES;
				CLANG_WARN_UNGUARDED_AVAILABILITY = YES_AGGRESSIVE;
				CLANG_WARN_UNREACHABLE_CODE = YES;
				CLANG_WARN__DUPLICATE_METHOD_MATCH = YES;
				COPY_PHASE_STRIP = NO;
				DEBUG_INFORMATION_FORMAT = "dwarf-with-dsym";
				ENABLE_NS_ASSERTIONS = NO;
				ENABLE_STRICT_OBJC_MSGSEND = YES;
				GCC_C_LANGUAGE_STANDARD = gnu11;
				GCC_NO_COMMON_BLOCKS = YES;
				GCC_WARN_64_TO_32_BIT_CONVERSION = YES;
				GCC_WARN_ABOUT_RETURN_TYPE = YES_ERROR;
				GCC_WARN_UNDECLARED_SELECTOR = YES;
				GCC_WARN_UNINITIALIZED_AUTOS = YES_AGGRESSIVE;
				GCC_WARN_UNUSED_FUNCTION = YES;
				GCC_WARN_UNUSED_VARIABLE = YES;
				IPHONEOS_DEPLOYMENT_TARGET = 15.0;
				MTL_ENABLE_DEBUG_INFO = NO;
				MTL_FAST_MATH = YES;
				SDKROOT = iphoneos;
				SWIFT_COMPILATION_MODE = wholemodule;
				SWIFT_OPTIMIZATION_LEVEL = "-O";
				VALIDATE_PRODUCT = YES;
			};
			name = Release;
		};
		D1779ADB27BE033400CCD6F3 /* Debug */ = {
			isa = XCBuildConfiguration;
			buildSettings = {
				ASSETCATALOG_COMPILER_APPICON_NAME = AppIcon;
				ASSETCATALOG_COMPILER_GLOBAL_ACCENT_COLOR_NAME = AccentColor;
				CODE_SIGN_STYLE = Automatic;
				CURRENT_PROJECT_VERSION = 1;
				DEVELOPMENT_TEAM = CY43797X48;
				GENERATE_INFOPLIST_FILE = YES;
				INFOPLIST_FILE = LotteryNumbers/Info.plist;
				INFOPLIST_KEY_UIApplicationSupportsIndirectInputEvents = YES;
				INFOPLIST_KEY_UILaunchStoryboardName = LaunchScreen;
				INFOPLIST_KEY_UIMainStoryboardFile = Main;
				INFOPLIST_KEY_UISupportedInterfaceOrientations_iPad = "UIInterfaceOrientationPortrait UIInterfaceOrientationPortraitUpsideDown UIInterfaceOrientationLandscapeLeft UIInterfaceOrientationLandscapeRight";
				INFOPLIST_KEY_UISupportedInterfaceOrientations_iPhone = "UIInterfaceOrientationPortrait UIInterfaceOrientationLandscapeLeft UIInterfaceOrientationLandscapeRight";
				LD_RUNPATH_SEARCH_PATHS = (
					"$(inherited)",
					"@executable_path/Frameworks",
				);
				MARKETING_VERSION = 1.0;
				PRODUCT_BUNDLE_IDENTIFIER = TrevonC.LotteryNumbers;
				PRODUCT_NAME = "$(TARGET_NAME)";
				SWIFT_EMIT_LOC_STRINGS = YES;
				SWIFT_VERSION = 5.0;
				TARGETED_DEVICE_FAMILY = 1;
			};
			name = Debug;
		};
		D1779ADC27BE033400CCD6F3 /* Release */ = {
			isa = XCBuildConfiguration;
			buildSettings = {
				ASSETCATALOG_COMPILER_APPICON_NAME = AppIcon;
				ASSETCATALOG_COMPILER_GLOBAL_ACCENT_COLOR_NAME = AccentColor;
				CODE_SIGN_STYLE = Automatic;
				CURRENT_PROJECT_VERSION = 1;
				DEVELOPMENT_TEAM = CY43797X48;
				GENERATE_INFOPLIST_FILE = YES;
				INFOPLIST_FILE = LotteryNumbers/Info.plist;
				INFOPLIST_KEY_UIApplicationSupportsIndirectInputEvents = YES;
				INFOPLIST_KEY_UILaunchStoryboardName = LaunchScreen;
				INFOPLIST_KEY_UIMainStoryboardFile = Main;
				INFOPLIST_KEY_UISupportedInterfaceOrientations_iPad = "UIInterfaceOrientationPortrait UIInterfaceOrientationPortraitUpsideDown UIInterfaceOrientationLandscapeLeft UIInterfaceOrientationLandscapeRight";
				INFOPLIST_KEY_UISupportedInterfaceOrientations_iPhone = "UIInterfaceOrientationPortrait UIInterfaceOrientationLandscapeLeft UIInterfaceOrientationLandscapeRight";
				LD_RUNPATH_SEARCH_PATHS = (
					"$(inherited)",
					"@executable_path/Frameworks",
				);
				MARKETING_VERSION = 1.0;
				PRODUCT_BUNDLE_IDENTIFIER = TrevonC.LotteryNumbers;
				PRODUCT_NAME = "$(TARGET_NAME)";
				SWIFT_EMIT_LOC_STRINGS = YES;
				SWIFT_VERSION = 5.0;
				TARGETED_DEVICE_FAMILY = 1;
			};
			name = Release;
		};
		D1779ADE27BE033400CCD6F3 /* Debug */ = {
			isa = XCBuildConfiguration;
			buildSettings = {
				ALWAYS_EMBED_SWIFT_STANDARD_LIBRARIES = YES;
				BUNDLE_LOADER = "$(TEST_HOST)";
				CODE_SIGN_STYLE = Automatic;
				CURRENT_PROJECT_VERSION = 1;
				DEVELOPMENT_TEAM = CY43797X48;
				GENERATE_INFOPLIST_FILE = YES;
				IPHONEOS_DEPLOYMENT_TARGET = 15.0;
				LD_RUNPATH_SEARCH_PATHS = (
					"$(inherited)",
					"@executable_path/Frameworks",
					"@loader_path/Frameworks",
				);
				MARKETING_VERSION = 1.0;
				PRODUCT_BUNDLE_IDENTIFIER = TrevonC.LotteryNumbersTests;
				PRODUCT_NAME = "$(TARGET_NAME)";
				SWIFT_EMIT_LOC_STRINGS = NO;
				SWIFT_VERSION = 5.0;
				TARGETED_DEVICE_FAMILY = "1,2";
				TEST_HOST = "$(BUILT_PRODUCTS_DIR)/LotteryNumbers.app/LotteryNumbers";
			};
			name = Debug;
		};
		D1779ADF27BE033400CCD6F3 /* Release */ = {
			isa = XCBuildConfiguration;
			buildSettings = {
				ALWAYS_EMBED_SWIFT_STANDARD_LIBRARIES = YES;
				BUNDLE_LOADER = "$(TEST_HOST)";
				CODE_SIGN_STYLE = Automatic;
				CURRENT_PROJECT_VERSION = 1;
				DEVELOPMENT_TEAM = CY43797X48;
				GENERATE_INFOPLIST_FILE = YES;
				IPHONEOS_DEPLOYMENT_TARGET = 15.0;
				LD_RUNPATH_SEARCH_PATHS = (
					"$(inherited)",
					"@executable_path/Frameworks",
					"@loader_path/Frameworks",
				);
				MARKETING_VERSION = 1.0;
				PRODUCT_BUNDLE_IDENTIFIER = TrevonC.LotteryNumbersTests;
				PRODUCT_NAME = "$(TARGET_NAME)";
				SWIFT_EMIT_LOC_STRINGS = NO;
				SWIFT_VERSION = 5.0;
				TARGETED_DEVICE_FAMILY = "1,2";
				TEST_HOST = "$(BUILT_PRODUCTS_DIR)/LotteryNumbers.app/LotteryNumbers";
			};
			name = Release;
		};
		D1779AE127BE033400CCD6F3 /* Debug */ = {
			isa = XCBuildConfiguration;
			buildSettings = {
				ALWAYS_EMBED_SWIFT_STANDARD_LIBRARIES = YES;
				CODE_SIGN_STYLE = Automatic;
				CURRENT_PROJECT_VERSION = 1;
				DEVELOPMENT_TEAM = CY43797X48;
				GENERATE_INFOPLIST_FILE = YES;
				LD_RUNPATH_SEARCH_PATHS = (
					"$(inherited)",
					"@executable_path/Frameworks",
					"@loader_path/Frameworks",
				);
				MARKETING_VERSION = 1.0;
				PRODUCT_BUNDLE_IDENTIFIER = TrevonC.LotteryNumbersUITests;
				PRODUCT_NAME = "$(TARGET_NAME)";
				SWIFT_EMIT_LOC_STRINGS = NO;
				SWIFT_VERSION = 5.0;
				TARGETED_DEVICE_FAMILY = "1,2";
				TEST_TARGET_NAME = LotteryNumbers;
			};
			name = Debug;
		};
		D1779AE227BE033400CCD6F3 /* Release */ = {
			isa = XCBuildConfiguration;
			buildSettings = {
				ALWAYS_EMBED_SWIFT_STANDARD_LIBRARIES = YES;
				CODE_SIGN_STYLE = Automatic;
				CURRENT_PROJECT_VERSION = 1;
				DEVELOPMENT_TEAM = CY43797X48;
				GENERATE_INFOPLIST_FILE = YES;
				LD_RUNPATH_SEARCH_PATHS = (
					"$(inherited)",
					"@executable_path/Frameworks",
					"@loader_path/Frameworks",
				);
				MARKETING_VERSION = 1.0;
				PRODUCT_BUNDLE_IDENTIFIER = TrevonC.LotteryNumbersUITests;
				PRODUCT_NAME = "$(TARGET_NAME)";
				SWIFT_EMIT_LOC_STRINGS = NO;
				SWIFT_VERSION = 5.0;
				TARGETED_DEVICE_FAMILY = "1,2";
				TEST_TARGET_NAME = LotteryNumbers;
			};
			name = Release;
		};
/* End XCBuildConfiguration section */

/* Begin XCConfigurationList section */
		D1779AAB27BE033300CCD6F3 /* Build configuration list for PBXProject "LotteryNumbers" */ = {
			isa = XCConfigurationList;
			buildConfigurations = (
				D1779AD827BE033400CCD6F3 /* Debug */,
				D1779AD927BE033400CCD6F3 /* Release */,
			);
			defaultConfigurationIsVisible = 0;
			defaultConfigurationName = Release;
		};
		D1779ADA27BE033400CCD6F3 /* Build configuration list for PBXNativeTarget "LotteryNumbers" */ = {
			isa = XCConfigurationList;
			buildConfigurations = (
				D1779ADB27BE033400CCD6F3 /* Debug */,
				D1779ADC27BE033400CCD6F3 /* Release */,
			);
			defaultConfigurationIsVisible = 0;
			defaultConfigurationName = Release;
		};
		D1779ADD27BE033400CCD6F3 /* Build configuration list for PBXNativeTarget "LotteryNumbersTests" */ = {
			isa = XCConfigurationList;
			buildConfigurations = (
				D1779ADE27BE033400CCD6F3 /* Debug */,
				D1779ADF27BE033400CCD6F3 /* Release */,
			);
			defaultConfigurationIsVisible = 0;
			defaultConfigurationName = Release;
		};
		D1779AE027BE033400CCD6F3 /* Build configuration list for PBXNativeTarget "LotteryNumbersUITests" */ = {
			isa = XCConfigurationList;
			buildConfigurations = (
				D1779AE127BE033400CCD6F3 /* Debug */,
				D1779AE227BE033400CCD6F3 /* Release */,
			);
			defaultConfigurationIsVisible = 0;
			defaultConfigurationName = Release;
		};
/* End XCConfigurationList section */
	};
	rootObject = D1779AA827BE033300CCD6F3 /* Project object */;
}
